
Microsoft Visual Studio Solution File, Format Version 12.00
# Visual Studio Version 16
VisualStudioVersion = 16.0.30320.27
MinimumVisualStudioVersion = 10.0.40219.1
Project("{FAE04EC0-301F-11D3-BF4B-00C04F79EFBC}") = "Kingmaker", "Kingmaker\Kingmaker.csproj", "{CAA1FF6D-5666-4FCD-8D0E-A0E7E42E5B5D}"
EndProject
Global
	GlobalSection(SolutionConfigurationPlatforms) = preSolution
		Debug|Any CPU = Debug|Any CPU
		Release|Any CPU = Release|Any CPU
	EndGlobalSection
	GlobalSection(ProjectConfigurationPlatforms) = postSolution
		{CAA1FF6D-5666-4FCD-8D0E-A0E7E42E5B5D}.Debug|Any CPU.ActiveCfg = Debug|Any CPU
		{CAA1FF6D-5666-4FCD-8D0E-A0E7E42E5B5D}.Debug|Any CPU.Build.0 = Debug|Any CPU
		{CAA1FF6D-5666-4FCD-8D0E-A0E7E42E5B5D}.Release|Any CPU.ActiveCfg = Release|Any CPU
		{CAA1FF6D-5666-4FCD-8D0E-A0E7E42E5B5D}.Release|Any CPU.Build.0 = Release|Any CPU
	EndGlobalSection
	GlobalSection(SolutionProperties) = preSolution
		HideSolutionNode = FALSE
	EndGlobalSection
	GlobalSection(ExtensibilityGlobals) = postSolution
		SolutionGuid = {742A172C-FE23-4FAE-B0CD-DF81BD4D8C81}
	EndGlobalSection
EndGlobal
